{
	"name": "@tailored/upload",
	"version": "0.0.0",
	"lockfileVersion": 1,
	"requires": true,
	"dependencies": {
		"@emitterware/emitter": {
			"version": "0.0.1",
			"resolved": "https://registry.npmjs.org/@emitterware/emitter/-/emitter-0.0.1.tgz",
			"integrity": "sha512-VBiGji9CPXhZqmRqvR5/Q5vBxrYe73MXrsqZm4ZskIK0O65dRsx7/CqGC/Bwb0it2ItMSSzWMwdB99Cg6rBiCQ=="
		}
	}
}
